# THIS IS AN AUTOGENERATED FILE. DO NOT EDIT THIS FILE DIRECTLY.
# yarn lockfile v1


fuzzysearch@^1.0.3:
  version "1.0.3"
  resolved "https://registry.yarnpkg.com/fuzzysearch/-/fuzzysearch-1.0.3.tgz#dffc80f6d6b04223f2226aa79dd194231096d008"

simple-jekyll-search@^1.5.0:
  version "1.5.0"
  resolved "https://registry.yarnpkg.com/simple-jekyll-search/-/simple-jekyll-search-1.5.0.tgz#8adad21b776428bbc1e2dee00d604cd26e03c4f7"
  dependencies:
    fuzzysearch "^1.0.3"
